// !$*UTF8*$!
{
	archiveVersion = 1;
	classes = {
	};
	objectVersion = 46;
	objects = {

/* Begin PBXBuildFile section */
		303233DA1819AC6100AD4D99 /* Foundation.framework in Frameworks */ = {isa = PBXBuildFile; fileRef = 303233D91819AC6100AD4D99 /* Foundation.framework */; };
		303233DC1819AC6100AD4D99 /* CoreGraphics.framework in Frameworks */ = {isa = PBXBuildFile; fileRef = 303233DB1819AC6100AD4D99 /* CoreGraphics.framework */; };
		303233DE1819AC6100AD4D99 /* UIKit.framework in Frameworks */ = {isa = PBXBuildFile; fileRef = 303233DD1819AC6100AD4D99 /* UIKit.framework */; };
		303233E01819AC6100AD4D99 /* SpriteKit.framework in Frameworks */ = {isa = PBXBuildFile; fileRef = 303233DF1819AC6100AD4D99 /* SpriteKit.framework */; };
		303233E61819AC6100AD4D99 /* InfoPlist.strings in Resources */ = {isa = PBXBuildFile; fileRef = 303233E41819AC6100AD4D99 /* InfoPlist.strings */; };
		303233E81819AC6100AD4D99 /* main.m in Sources */ = {isa = PBXBuildFile; fileRef = 303233E71819AC6100AD4D99 /* main.m */; };
		303233EC1819AC6100AD4D99 /* AppDelegate.m in Sources */ = {isa = PBXBuildFile; fileRef = 303233EB1819AC6100AD4D99 /* AppDelegate.m */; };
		303233EF1819AC6100AD4D99 /* Main_iPhone.storyboard in Resources */ = {isa = PBXBuildFile; fileRef = 303233ED1819AC6100AD4D99 /* Main_iPhone.storyboard */; };
		303233F21819AC6100AD4D99 /* Main_iPad.storyboard in Resources */ = {isa = PBXBuildFile; fileRef = 303233F01819AC6100AD4D99 /* Main_iPad.storyboard */; };
		303233FC1819AC6100AD4D99 /* Images.xcassets in Resources */ = {isa = PBXBuildFile; fileRef = 303233FB1819AC6100AD4D99 /* Images.xcassets */; };
		303234031819AC6100AD4D99 /* XCTest.framework in Frameworks */ = {isa = PBXBuildFile; fileRef = 303234021819AC6100AD4D99 /* XCTest.framework */; };
		303234041819AC6100AD4D99 /* Foundation.framework in Frameworks */ = {isa = PBXBuildFile; fileRef = 303233D91819AC6100AD4D99 /* Foundation.framework */; };
		303234051819AC6100AD4D99 /* UIKit.framework in Frameworks */ = {isa = PBXBuildFile; fileRef = 303233DD1819AC6100AD4D99 /* UIKit.framework */; };
		3032340D1819AC6100AD4D99 /* InfoPlist.strings in Resources */ = {isa = PBXBuildFile; fileRef = 3032340B1819AC6100AD4D99 /* InfoPlist.strings */; };
		3032340F1819AC6100AD4D99 /* PolyGoneTDTests.m in Sources */ = {isa = PBXBuildFile; fileRef = 3032340E1819AC6100AD4D99 /* PolyGoneTDTests.m */; };
		303234601819AD2200AD4D99 /* ViewController.m in Sources */ = {isa = PBXBuildFile; fileRef = 303234191819AD2100AD4D99 /* ViewController.m */; };
		303234611819AD2200AD4D99 /* MainMenu.m in Sources */ = {isa = PBXBuildFile; fileRef = 3032341B1819AD2100AD4D99 /* MainMenu.m */; };
		303234621819AD2200AD4D99 /* Options.m in Sources */ = {isa = PBXBuildFile; fileRef = 3032341D1819AD2100AD4D99 /* Options.m */; };
		303234631819AD2200AD4D99 /* Difficulty.m in Sources */ = {isa = PBXBuildFile; fileRef = 3032341F1819AD2100AD4D99 /* Difficulty.m */; };
		303234641819AD2200AD4D99 /* SKSubSpriteNode.m in Sources */ = {isa = PBXBuildFile; fileRef = 303234211819AD2100AD4D99 /* SKSubSpriteNode.m */; };
		303234651819AD2200AD4D99 /* SKSubSpriteNode1.m in Sources */ = {isa = PBXBuildFile; fileRef = 303234231819AD2100AD4D99 /* SKSubSpriteNode1.m */; };
		303234661819AD2200AD4D99 /* SKSubSpriteNode2.m in Sources */ = {isa = PBXBuildFile; fileRef = 303234251819AD2100AD4D99 /* SKSubSpriteNode2.m */; };
		303234671819AD2200AD4D99 /* SKSubSpriteNode3.m in Sources */ = {isa = PBXBuildFile; fileRef = 303234271819AD2100AD4D99 /* SKSubSpriteNode3.m */; };
		303234681819AD2200AD4D99 /* MyScene.m in Sources */ = {isa = PBXBuildFile; fileRef = 303234291819AD2100AD4D99 /* MyScene.m */; };
		303234691819AD2200AD4D99 /* Bullets.m in Sources */ = {isa = PBXBuildFile; fileRef = 3032342B1819AD2100AD4D99 /* Bullets.m */; };
		3032346A1819AD2200AD4D99 /* EnemyPath.m in Sources */ = {isa = PBXBuildFile; fileRef = 3032342D1819AD2100AD4D99 /* EnemyPath.m */; };
		3032346B1819AD2200AD4D99 /* Toolbar.m in Sources */ = {isa = PBXBuildFile; fileRef = 3032342F1819AD2100AD4D99 /* Toolbar.m */; };
		3032346C1819AD2200AD4D99 /* towerOne.png in Resources */ = {isa = PBXBuildFile; fileRef = 303234301819AD2100AD4D99 /* towerOne.png */; };
		3032346D1819AD2200AD4D99 /* towerTwo.png in Resources */ = {isa = PBXBuildFile; fileRef = 303234311819AD2100AD4D99 /* towerTwo.png */; };
		3032346E1819AD2200AD4D99 /* towerThree.png in Resources */ = {isa = PBXBuildFile; fileRef = 303234321819AD2100AD4D99 /* towerThree.png */; };
		3032346F1819AD2200AD4D99 /* circle.png in Resources */ = {isa = PBXBuildFile; fileRef = 303234331819AD2100AD4D99 /* circle.png */; };
		303234701819AD2200AD4D99 /* triangle.png in Resources */ = {isa = PBXBuildFile; fileRef = 303234341819AD2100AD4D99 /* triangle.png */; };
		303234711819AD2200AD4D99 /* square.gif in Resources */ = {isa = PBXBuildFile; fileRef = 303234351819AD2100AD4D99 /* square.gif */; };
		303234721819AD2200AD4D99 /* pentagon.png in Resources */ = {isa = PBXBuildFile; fileRef = 303234361819AD2100AD4D99 /* pentagon.png */; };
		303234731819AD2200AD4D99 /* hexagon.png in Resources */ = {isa = PBXBuildFile; fileRef = 303234371819AD2100AD4D99 /* hexagon.png */; };
		303234741819AD2200AD4D99 /* heptagon.png in Resources */ = {isa = PBXBuildFile; fileRef = 303234381819AD2100AD4D99 /* heptagon.png */; };
		303234751819AD2200AD4D99 /* octagon.png in Resources */ = {isa = PBXBuildFile; fileRef = 303234391819AD2100AD4D99 /* octagon.png */; };
		303234761819AD2200AD4D99 /* A.png in Resources */ = {isa = PBXBuildFile; fileRef = 3032343A1819AD2100AD4D99 /* A.png */; };
		303234771819AD2200AD4D99 /* B.png in Resources */ = {isa = PBXBuildFile; fileRef = 3032343B1819AD2100AD4D99 /* B.png */; };
		303234781819AD2200AD4D99 /* B red.png in Resources */ = {isa = PBXBuildFile; fileRef = 3032343C1819AD2100AD4D99 /* B red.png */; };
		303234791819AD2200AD4D99 /* C.png in Resources */ = {isa = PBXBuildFile; fileRef = 3032343D1819AD2100AD4D99 /* C.png */; };
		3032347A1819AD2200AD4D99 /* D.png in Resources */ = {isa = PBXBuildFile; fileRef = 3032343E1819AD2100AD4D99 /* D.png */; };
		3032347B1819AD2200AD4D99 /* E.png in Resources */ = {isa = PBXBuildFile; fileRef = 3032343F1819AD2100AD4D99 /* E.png */; };
		3032347C1819AD2200AD4D99 /* E copy.png in Resources */ = {isa = PBXBuildFile; fileRef = 303234401819AD2100AD4D99 /* E copy.png */; };
		3032347D1819AD2200AD4D99 /* F.png in Resources */ = {isa = PBXBuildFile; fileRef = 303234411819AD2100AD4D99 /* F.png */; };
		3032347E1819AD2200AD4D99 /* G.png in Resources */ = {isa = PBXBuildFile; fileRef = 303234421819AD2100AD4D99 /* G.png */; };
		3032347F1819AD2200AD4D99 /* G copy.png in Resources */ = {isa = PBXBuildFile; fileRef = 303234431819AD2100AD4D99 /* G copy.png */; };
		303234801819AD2200AD4D99 /* H.png in Resources */ = {isa = PBXBuildFile; fileRef = 303234441819AD2100AD4D99 /* H.png */; };
		303234811819AD2200AD4D99 /* I copy.png in Resources */ = {isa = PBXBuildFile; fileRef = 303234451819AD2100AD4D99 /* I copy.png */; };
		303234821819AD2200AD4D99 /* I red.png in Resources */ = {isa = PBXBuildFile; fileRef = 303234461819AD2100AD4D99 /* I red.png */; };
		303234831819AD2200AD4D99 /* K.png in Resources */ = {isa = PBXBuildFile; fileRef = 303234471819AD2100AD4D99 /* K.png */; };
		303234841819AD2200AD4D99 /* L.png in Resources */ = {isa = PBXBuildFile; fileRef = 303234481819AD2100AD4D99 /* L.png */; };
		303234851819AD2200AD4D99 /* L copy.png in Resources */ = {isa = PBXBuildFile; fileRef = 303234491819AD2100AD4D99 /* L copy.png */; };
		303234861819AD2200AD4D99 /* M.png in Resources */ = {isa = PBXBuildFile; fileRef = 3032344A1819AD2100AD4D99 /* M.png */; };
		303234871819AD2200AD4D99 /* M yellow.png in Resources */ = {isa = PBXBuildFile; fileRef = 3032344B1819AD2100AD4D99 /* M yellow.png */; };
		303234881819AD2200AD4D99 /* N.png in Resources */ = {isa = PBXBuildFile; fileRef = 3032344C1819AD2100AD4D99 /* N.png */; };
		303234891819AD2200AD4D99 /* N copy.png in Resources */ = {isa = PBXBuildFile; fileRef = 3032344D1819AD2100AD4D99 /* N copy.png */; };
		3032348A1819AD2200AD4D99 /* O.png in Resources */ = {isa = PBXBuildFile; fileRef = 3032344E1819AD2100AD4D99 /* O.png */; };
		3032348B1819AD2200AD4D99 /* O copy.png in Resources */ = {isa = PBXBuildFile; fileRef = 3032344F1819AD2100AD4D99 /* O copy.png */; };
		3032348C1819AD2200AD4D99 /* O green.png in Resources */ = {isa = PBXBuildFile; fileRef = 303234501819AD2100AD4D99 /* O green.png */; };
		3032348D1819AD2200AD4D99 /* P.png in Resources */ = {isa = PBXBuildFile; fileRef = 303234511819AD2100AD4D99 /* P.png */; };
		3032348E1819AD2200AD4D99 /* P copy.png in Resources */ = {isa = PBXBuildFile; fileRef = 303234521819AD2100AD4D99 /* P copy.png */; };
		3032348F1819AD2200AD4D99 /* P copy 2.png in Resources */ = {isa = PBXBuildFile; fileRef = 303234531819AD2100AD4D99 /* P copy 2.png */; };
		303234901819AD2200AD4D99 /* R.png in Resources */ = {isa = PBXBuildFile; fileRef = 303234541819AD2100AD4D99 /* R.png */; };
		303234911819AD2200AD4D99 /* S.png in Resources */ = {isa = PBXBuildFile; fileRef = 303234551819AD2100AD4D99 /* S.png */; };
		303234921819AD2200AD4D99 /* S copy.png in Resources */ = {isa = PBXBuildFile; fileRef = 303234561819AD2100AD4D99 /* S copy.png */; };
		303234931819AD2200AD4D99 /* T.png in Resources */ = {isa = PBXBuildFile; fileRef = 303234571819AD2100AD4D99 /* T.png */; };
		303234941819AD2200AD4D99 /* U.png in Resources */ = {isa = PBXBuildFile; fileRef = 303234581819AD2100AD4D99 /* U.png */; };
		303234951819AD2200AD4D99 /* X.png in Resources */ = {isa = PBXBuildFile; fileRef = 303234591819AD2100AD4D99 /* X.png */; };
		303234961819AD2200AD4D99 /* Y.png in Resources */ = {isa = PBXBuildFile; fileRef = 3032345A1819AD2100AD4D99 /* Y.png */; };
		303234971819AD2200AD4D99 /* Y copy.png in Resources */ = {isa = PBXBuildFile; fileRef = 3032345B1819AD2100AD4D99 /* Y copy.png */; };
		303234981819AD2200AD4D99 /* !.png in Resources */ = {isa = PBXBuildFile; fileRef = 3032345C1819AD2100AD4D99 /* !.png */; };
		303234991819AD2200AD4D99 /* -.png in Resources */ = {isa = PBXBuildFile; fileRef = 3032345D1819AD2100AD4D99 /* -.png */; };
		3032349A1819AD2200AD4D99 /* SliderBlock.png in Resources */ = {isa = PBXBuildFile; fileRef = 3032345E1819AD2100AD4D99 /* SliderBlock.png */; };
		3032349B1819AD2200AD4D99 /* SliderLine.png in Resources */ = {isa = PBXBuildFile; fileRef = 3032345F1819AD2200AD4D99 /* SliderLine.png */; };
/* End PBXBuildFile section */

/* Begin PBXContainerItemProxy section */
		303234061819AC6100AD4D99 /* PBXContainerItemProxy */ = {
			isa = PBXContainerItemProxy;
			containerPortal = 303233CE1819AC6100AD4D99 /* Project object */;
			proxyType = 1;
			remoteGlobalIDString = 303233D51819AC6100AD4D99;
			remoteInfo = PolyGoneTD;
		};
/* End PBXContainerItemProxy section */

/* Begin PBXFileReference section */
		303233D61819AC6100AD4D99 /* PolyGoneTD.app */ = {isa = PBXFileReference; explicitFileType = wrapper.application; includeInIndex = 0; path = PolyGoneTD.app; sourceTree = BUILT_PRODUCTS_DIR; };
		303233D91819AC6100AD4D99 /* Foundation.framework */ = {isa = PBXFileReference; lastKnownFileType = wrapper.framework; name = Foundation.framework; path = System/Library/Frameworks/Foundation.framework; sourceTree = SDKROOT; };
		303233DB1819AC6100AD4D99 /* CoreGraphics.framework */ = {isa = PBXFileReference; lastKnownFileType = wrapper.framework; name = CoreGraphics.framework; path = System/Library/Frameworks/CoreGraphics.framework; sourceTree = SDKROOT; };
		303233DD1819AC6100AD4D99 /* UIKit.framework */ = {isa = PBXFileReference; lastKnownFileType = wrapper.framework; name = UIKit.framework; path = System/Library/Frameworks/UIKit.framework; sourceTree = SDKROOT; };
		303233DF1819AC6100AD4D99 /* SpriteKit.framework */ = {isa = PBXFileReference; lastKnownFileType = wrapper.framework; name = SpriteKit.framework; path = System/Library/Frameworks/SpriteKit.framework; sourceTree = SDKROOT; };
		303233E31819AC6100AD4D99 /* PolyGoneTD-Info.plist */ = {isa = PBXFileReference; lastKnownFileType = text.plist.xml; path = "PolyGoneTD-Info.plist"; sourceTree = "<group>"; };
		303233E51819AC6100AD4D99 /* en */ = {isa = PBXFileReference; lastKnownFileType = text.plist.strings; name = en; path = en.lproj/InfoPlist.strings; sourceTree = "<group>"; };
		303233E71819AC6100AD4D99 /* main.m */ = {isa = PBXFileReference; lastKnownFileType = sourcecode.c.objc; path = main.m; sourceTree = "<group>"; };
		303233E91819AC6100AD4D99 /* PolyGoneTD-Prefix.pch */ = {isa = PBXFileReference; lastKnownFileType = sourcecode.c.h; path = "PolyGoneTD-Prefix.pch"; sourceTree = "<group>"; };
		303233EA1819AC6100AD4D99 /* AppDelegate.h */ = {isa = PBXFileReference; lastKnownFileType = sourcecode.c.h; path = AppDelegate.h; sourceTree = "<group>"; };
		303233EB1819AC6100AD4D99 /* AppDelegate.m */ = {isa = PBXFileReference; lastKnownFileType = sourcecode.c.objc; path = AppDelegate.m; sourceTree = "<group>"; };
		303233EE1819AC6100AD4D99 /* Base */ = {isa = PBXFileReference; lastKnownFileType = file.storyboard; name = Base; path = Base.lproj/Main_iPhone.storyboard; sourceTree = "<group>"; };
		303233F11819AC6100AD4D99 /* Base */ = {isa = PBXFileReference; lastKnownFileType = file.storyboard; name = Base; path = Base.lproj/Main_iPad.storyboard; sourceTree = "<group>"; };
		303233FB1819AC6100AD4D99 /* Images.xcassets */ = {isa = PBXFileReference; lastKnownFileType = folder.assetcatalog; path = Images.xcassets; sourceTree = "<group>"; };
		303234011819AC6100AD4D99 /* PolyGoneTDTests.xctest */ = {isa = PBXFileReference; explicitFileType = wrapper.cfbundle; includeInIndex = 0; path = PolyGoneTDTests.xctest; sourceTree = BUILT_PRODUCTS_DIR; };
		303234021819AC6100AD4D99 /* XCTest.framework */ = {isa = PBXFileReference; lastKnownFileType = wrapper.framework; name = XCTest.framework; path = Library/Frameworks/XCTest.framework; sourceTree = DEVELOPER_DIR; };
		3032340A1819AC6100AD4D99 /* PolyGoneTDTests-Info.plist */ = {isa = PBXFileReference; lastKnownFileType = text.plist.xml; path = "PolyGoneTDTests-Info.plist"; sourceTree = "<group>"; };
		3032340C1819AC6100AD4D99 /* en */ = {isa = PBXFileReference; lastKnownFileType = text.plist.strings; name = en; path = en.lproj/InfoPlist.strings; sourceTree = "<group>"; };
		3032340E1819AC6100AD4D99 /* PolyGoneTDTests.m */ = {isa = PBXFileReference; lastKnownFileType = sourcecode.c.objc; path = PolyGoneTDTests.m; sourceTree = "<group>"; };
		303234181819AD2100AD4D99 /* ViewController.h */ = {isa = PBXFileReference; fileEncoding = 4; lastKnownFileType = sourcecode.c.h; path = ViewController.h; sourceTree = "<group>"; };
		303234191819AD2100AD4D99 /* ViewController.m */ = {isa = PBXFileReference; fileEncoding = 4; lastKnownFileType = sourcecode.c.objc; path = ViewController.m; sourceTree = "<group>"; };
		3032341A1819AD2100AD4D99 /* MainMenu.h */ = {isa = PBXFileReference; fileEncoding = 4; lastKnownFileType = sourcecode.c.h; path = MainMenu.h; sourceTree = "<group>"; };
		3032341B1819AD2100AD4D99 /* MainMenu.m */ = {isa = PBXFileReference; fileEncoding = 4; lastKnownFileType = sourcecode.c.objc; path = MainMenu.m; sourceTree = "<group>"; };
		3032341C1819AD2100AD4D99 /* Options.h */ = {isa = PBXFileReference; fileEncoding = 4; lastKnownFileType = sourcecode.c.h; path = Options.h; sourceTree = "<group>"; };
		3032341D1819AD2100AD4D99 /* Options.m */ = {isa = PBXFileReference; fileEncoding = 4; lastKnownFileType = sourcecode.c.objc; path = Options.m; sourceTree = "<group>"; };
		3032341E1819AD2100AD4D99 /* Difficulty.h */ = {isa = PBXFileReference; fileEncoding = 4; lastKnownFileType = sourcecode.c.h; path = Difficulty.h; sourceTree = "<group>"; };
		3032341F1819AD2100AD4D99 /* Difficulty.m */ = {isa = PBXFileReference; fileEncoding = 4; lastKnownFileType = sourcecode.c.objc; path = Difficulty.m; sourceTree = "<group>"; };
		303234201819AD2100AD4D99 /* SKSubSpriteNode.h */ = {isa = PBXFileReference; fileEncoding = 4; lastKnownFileType = sourcecode.c.h; path = SKSubSpriteNode.h; sourceTree = "<group>"; };
		303234211819AD2100AD4D99 /* SKSubSpriteNode.m */ = {isa = PBXFileReference; fileEncoding = 4; lastKnownFileType = sourcecode.c.objc; path = SKSubSpriteNode.m; sourceTree = "<group>"; };
		303234221819AD2100AD4D99 /* SKSubSpriteNode1.h */ = {isa = PBXFileReference; fileEncoding = 4; lastKnownFileType = sourcecode.c.h; path = SKSubSpriteNode1.h; sourceTree = "<group>"; };
		303234231819AD2100AD4D99 /* SKSubSpriteNode1.m */ = {isa = PBXFileReference; fileEncoding = 4; lastKnownFileType = sourcecode.c.objc; path = SKSubSpriteNode1.m; sourceTree = "<group>"; };
		303234241819AD2100AD4D99 /* SKSubSpriteNode2.h */ = {isa = PBXFileReference; fileEncoding = 4; lastKnownFileType = sourcecode.c.h; path = SKSubSpriteNode2.h; sourceTree = "<group>"; };
		303234251819AD2100AD4D99 /* SKSubSpriteNode2.m */ = {isa = PBXFileReference; fileEncoding = 4; lastKnownFileType = sourcecode.c.objc; path = SKSubSpriteNode2.m; sourceTree = "<group>"; };
		303234261819AD2100AD4D99 /* SKSubSpriteNode3.h */ = {isa = PBXFileReference; fileEncoding = 4; lastKnownFileType = sourcecode.c.h; path = SKSubSpriteNode3.h; sourceTree = "<group>"; };
		303234271819AD2100AD4D99 /* SKSubSpriteNode3.m */ = {isa = PBXFileReference; fileEncoding = 4; lastKnownFileType = sourcecode.c.objc; path = SKSubSpriteNode3.m; sourceTree = "<group>"; };
		303234281819AD2100AD4D99 /* MyScene.h */ = {isa = PBXFileReference; fileEncoding = 4; lastKnownFileType = sourcecode.c.h; path = MyScene.h; sourceTree = "<group>"; };
		303234291819AD2100AD4D99 /* MyScene.m */ = {isa = PBXFileReference; fileEncoding = 4; lastKnownFileType = sourcecode.c.objc; path = MyScene.m; sourceTree = "<group>"; };
		3032342A1819AD2100AD4D99 /* Bullets.h */ = {isa = PBXFileReference; fileEncoding = 4; lastKnownFileType = sourcecode.c.h; path = Bullets.h; sourceTree = "<group>"; };
		3032342B1819AD2100AD4D99 /* Bullets.m */ = {isa = PBXFileReference; fileEncoding = 4; lastKnownFileType = sourcecode.c.objc; path = Bullets.m; sourceTree = "<group>"; };
		3032342C1819AD2100AD4D99 /* EnemyPath.h */ = {isa = PBXFileReference; fileEncoding = 4; lastKnownFileType = sourcecode.c.h; path = EnemyPath.h; sourceTree = "<group>"; };
		3032342D1819AD2100AD4D99 /* EnemyPath.m */ = {isa = PBXFileReference; fileEncoding = 4; lastKnownFileType = sourcecode.c.objc; path = EnemyPath.m; sourceTree = "<group>"; };
		3032342E1819AD2100AD4D99 /* Toolbar.h */ = {isa = PBXFileReference; fileEncoding = 4; lastKnownFileType = sourcecode.c.h; path = Toolbar.h; sourceTree = "<group>"; };
		3032342F1819AD2100AD4D99 /* Toolbar.m */ = {isa = PBXFileReference; fileEncoding = 4; lastKnownFileType = sourcecode.c.objc; path = Toolbar.m; sourceTree = "<group>"; };
		303234301819AD2100AD4D99 /* towerOne.png */ = {isa = PBXFileReference; lastKnownFileType = image.png; path = towerOne.png; sourceTree = "<group>"; };
		303234311819AD2100AD4D99 /* towerTwo.png */ = {isa = PBXFileReference; lastKnownFileType = image.png; path = towerTwo.png; sourceTree = "<group>"; };
		303234321819AD2100AD4D99 /* towerThree.png */ = {isa = PBXFileReference; lastKnownFileType = image.png; path = towerThree.png; sourceTree = "<group>"; };
		303234331819AD2100AD4D99 /* circle.png */ = {isa = PBXFileReference; lastKnownFileType = image.png; path = circle.png; sourceTree = "<group>"; };
		303234341819AD2100AD4D99 /* triangle.png */ = {isa = PBXFileReference; lastKnownFileType = image.png; path = triangle.png; sourceTree = "<group>"; };
		303234351819AD2100AD4D99 /* square.gif */ = {isa = PBXFileReference; lastKnownFileType = image.gif; path = square.gif; sourceTree = "<group>"; };
		303234361819AD2100AD4D99 /* pentagon.png */ = {isa = PBXFileReference; lastKnownFileType = image.png; path = pentagon.png; sourceTree = "<group>"; };
		303234371819AD2100AD4D99 /* hexagon.png */ = {isa = PBXFileReference; lastKnownFileType = image.png; path = hexagon.png; sourceTree = "<group>"; };
		303234381819AD2100AD4D99 /* heptagon.png */ = {isa = PBXFileReference; lastKnownFileType = image.png; path = heptagon.png; sourceTree = "<group>"; };
		303234391819AD2100AD4D99 /* octagon.png */ = {isa = PBXFileReference; lastKnownFileType = image.png; path = octagon.png; sourceTree = "<group>"; };
		3032343A1819AD2100AD4D99 /* A.png */ = {isa = PBXFileReference; lastKnownFileType = image.png; path = A.png; sourceTree = "<group>"; };
		3032343B1819AD2100AD4D99 /* B.png */ = {isa = PBXFileReference; lastKnownFileType = image.png; path = B.png; sourceTree = "<group>"; };
		3032343C1819AD2100AD4D99 /* B red.png */ = {isa = PBXFileReference; lastKnownFileType = image.png; path = "B red.png"; sourceTree = "<group>"; };
		3032343D1819AD2100AD4D99 /* C.png */ = {isa = PBXFileReference; lastKnownFileType = image.png; path = C.png; sourceTree = "<group>"; };
		3032343E1819AD2100AD4D99 /* D.png */ = {isa = PBXFileReference; lastKnownFileType = image.png; path = D.png; sourceTree = "<group>"; };
		3032343F1819AD2100AD4D99 /* E.png */ = {isa = PBXFileReference; lastKnownFileType = image.png; path = E.png; sourceTree = "<group>"; };
		303234401819AD2100AD4D99 /* E copy.png */ = {isa = PBXFileReference; lastKnownFileType = image.png; path = "E copy.png"; sourceTree = "<group>"; };
		303234411819AD2100AD4D99 /* F.png */ = {isa = PBXFileReference; lastKnownFileType = image.png; path = F.png; sourceTree = "<group>"; };
		303234421819AD2100AD4D99 /* G.png */ = {isa = PBXFileReference; lastKnownFileType = image.png; path = G.png; sourceTree = "<group>"; };
		303234431819AD2100AD4D99 /* G copy.png */ = {isa = PBXFileReference; lastKnownFileType = image.png; path = "G copy.png"; sourceTree = "<group>"; };
		303234441819AD2100AD4D99 /* H.png */ = {isa = PBXFileReference; lastKnownFileType = image.png; path = H.png; sourceTree = "<group>"; };
		303234451819AD2100AD4D99 /* I copy.png */ = {isa = PBXFileReference; lastKnownFileType = image.png; path = "I copy.png"; sourceTree = "<group>"; };
		303234461819AD2100AD4D99 /* I red.png */ = {isa = PBXFileReference; lastKnownFileType = image.png; path = "I red.png"; sourceTree = "<group>"; };
		303234471819AD2100AD4D99 /* K.png */ = {isa = PBXFileReference; lastKnownFileType = image.png; path = K.png; sourceTree = "<group>"; };
		303234481819AD2100AD4D99 /* L.png */ = {isa = PBXFileReference; lastKnownFileType = image.png; path = L.png; sourceTree = "<group>"; };
		303234491819AD2100AD4D99 /* L copy.png */ = {isa = PBXFileReference; lastKnownFileType = image.png; path = "L copy.png"; sourceTree = "<group>"; };
		3032344A1819AD2100AD4D99 /* M.png */ = {isa = PBXFileReference; lastKnownFileType = image.png; path = M.png; sourceTree = "<group>"; };
		3032344B1819AD2100AD4D99 /* M yellow.png */ = {isa = PBXFileReference; lastKnownFileType = image.png; path = "M yellow.png"; sourceTree = "<group>"; };
		3032344C1819AD2100AD4D99 /* N.png */ = {isa = PBXFileReference; lastKnownFileType = image.png; path = N.png; sourceTree = "<group>"; };
		3032344D1819AD2100AD4D99 /* N copy.png */ = {isa = PBXFileReference; lastKnownFileType = image.png; path = "N copy.png"; sourceTree = "<group>"; };
		3032344E1819AD2100AD4D99 /* O.png */ = {isa = PBXFileReference; lastKnownFileType = image.png; path = O.png; sourceTree = "<group>"; };
		3032344F1819AD2100AD4D99 /* O copy.png */ = {isa = PBXFileReference; lastKnownFileType = image.png; path = "O copy.png"; sourceTree = "<group>"; };
		303234501819AD2100AD4D99 /* O green.png */ = {isa = PBXFileReference; lastKnownFileType = image.png; path = "O green.png"; sourceTree = "<group>"; };
		303234511819AD2100AD4D99 /* P.png */ = {isa = PBXFileReference; lastKnownFileType = image.png; path = P.png; sourceTree = "<group>"; };
		303234521819AD2100AD4D99 /* P copy.png */ = {isa = PBXFileReference; lastKnownFileType = image.png; path = "P copy.png"; sourceTree = "<group>"; };
		303234531819AD2100AD4D99 /* P copy 2.png */ = {isa = PBXFileReference; lastKnownFileType = image.png; path = "P copy 2.png"; sourceTree = "<group>"; };
		303234541819AD2100AD4D99 /* R.png */ = {isa = PBXFileReference; lastKnownFileType = image.png; path = R.png; sourceTree = "<group>"; };
		303234551819AD2100AD4D99 /* S.png */ = {isa = PBXFileReference; lastKnownFileType = image.png; path = S.png; sourceTree = "<group>"; };
		303234561819AD2100AD4D99 /* S copy.png */ = {isa = PBXFileReference; lastKnownFileType = image.png; path = "S copy.png"; sourceTree = "<group>"; };
		303234571819AD2100AD4D99 /* T.png */ = {isa = PBXFileReference; lastKnownFileType = image.png; path = T.png; sourceTree = "<group>"; };
		303234581819AD2100AD4D99 /* U.png */ = {isa = PBXFileReference; lastKnownFileType = image.png; path = U.png; sourceTree = "<group>"; };
		303234591819AD2100AD4D99 /* X.png */ = {isa = PBXFileReference; lastKnownFileType = image.png; path = X.png; sourceTree = "<group>"; };
		3032345A1819AD2100AD4D99 /* Y.png */ = {isa = PBXFileReference; lastKnownFileType = image.png; path = Y.png; sourceTree = "<group>"; };
		3032345B1819AD2100AD4D99 /* Y copy.png */ = {isa = PBXFileReference; lastKnownFileType = image.png; path = "Y copy.png"; sourceTree = "<group>"; };
		3032345C1819AD2100AD4D99 /* !.png */ = {isa = PBXFileReference; lastKnownFileType = image.png; path = "!.png"; sourceTree = "<group>"; };
		3032345D1819AD2100AD4D99 /* -.png */ = {isa = PBXFileReference; lastKnownFileType = image.png; path = "-.png"; sourceTree = "<group>"; };
		3032345E1819AD2100AD4D99 /* SliderBlock.png */ = {isa = PBXFileReference; lastKnownFileType = image.png; path = SliderBlock.png; sourceTree = "<group>"; };
		3032345F1819AD2200AD4D99 /* SliderLine.png */ = {isa = PBXFileReference; lastKnownFileType = image.png; path = SliderLine.png; sourceTree = "<group>"; };
/* End PBXFileReference section */

/* Begin PBXFrameworksBuildPhase section */
		303233D31819AC6100AD4D99 /* Frameworks */ = {
			isa = PBXFrameworksBuildPhase;
			buildActionMask = 2147483647;
			files = (
				303233DC1819AC6100AD4D99 /* CoreGraphics.framework in Frameworks */,
				303233DE1819AC6100AD4D99 /* UIKit.framework in Frameworks */,
				303233E01819AC6100AD4D99 /* SpriteKit.framework in Frameworks */,
				303233DA1819AC6100AD4D99 /* Foundation.framework in Frameworks */,
			);
			runOnlyForDeploymentPostprocessing = 0;
		};
		303233FE1819AC6100AD4D99 /* Frameworks */ = {
			isa = PBXFrameworksBuildPhase;
			buildActionMask = 2147483647;
			files = (
				303234031819AC6100AD4D99 /* XCTest.framework in Frameworks */,
				303234051819AC6100AD4D99 /* UIKit.framework in Frameworks */,
				303234041819AC6100AD4D99 /* Foundation.framework in Frameworks */,
			);
			runOnlyForDeploymentPostprocessing = 0;
		};
/* End PBXFrameworksBuildPhase section */

/* Begin PBXGroup section */
		303233CD1819AC6100AD4D99 = {
			isa = PBXGroup;
			children = (
				303233E11819AC6100AD4D99 /* PolyGoneTD */,
				303234081819AC6100AD4D99 /* PolyGoneTDTests */,
				303233D81819AC6100AD4D99 /* Frameworks */,
				303233D71819AC6100AD4D99 /* Products */,
			);
			sourceTree = "<group>";
		};
		303233D71819AC6100AD4D99 /* Products */ = {
			isa = PBXGroup;
			children = (
				303233D61819AC6100AD4D99 /* PolyGoneTD.app */,
				303234011819AC6100AD4D99 /* PolyGoneTDTests.xctest */,
			);
			name = Products;
			sourceTree = "<group>";
		};
		303233D81819AC6100AD4D99 /* Frameworks */ = {
			isa = PBXGroup;
			children = (
				303233D91819AC6100AD4D99 /* Foundation.framework */,
				303233DB1819AC6100AD4D99 /* CoreGraphics.framework */,
				303233DD1819AC6100AD4D99 /* UIKit.framework */,
				303233DF1819AC6100AD4D99 /* SpriteKit.framework */,
				303234021819AC6100AD4D99 /* XCTest.framework */,
			);
			name = Frameworks;
			sourceTree = "<group>";
		};
		303233E11819AC6100AD4D99 /* PolyGoneTD */ = {
			isa = PBXGroup;
			children = (
				303233EA1819AC6100AD4D99 /* AppDelegate.h */,
				303233EB1819AC6100AD4D99 /* AppDelegate.m */,
				303233ED1819AC6100AD4D99 /* Main_iPhone.storyboard */,
				303233F01819AC6100AD4D99 /* Main_iPad.storyboard */,
				303234181819AD2100AD4D99 /* ViewController.h */,
				303234191819AD2100AD4D99 /* ViewController.m */,
				3032341A1819AD2100AD4D99 /* MainMenu.h */,
				3032341B1819AD2100AD4D99 /* MainMenu.m */,
				3032341C1819AD2100AD4D99 /* Options.h */,
				3032341D1819AD2100AD4D99 /* Options.m */,
				3032341E1819AD2100AD4D99 /* Difficulty.h */,
				3032341F1819AD2100AD4D99 /* Difficulty.m */,
				303234201819AD2100AD4D99 /* SKSubSpriteNode.h */,
				303234211819AD2100AD4D99 /* SKSubSpriteNode.m */,
				303234221819AD2100AD4D99 /* SKSubSpriteNode1.h */,
				303234231819AD2100AD4D99 /* SKSubSpriteNode1.m */,
				303234241819AD2100AD4D99 /* SKSubSpriteNode2.h */,
				303234251819AD2100AD4D99 /* SKSubSpriteNode2.m */,
				303234261819AD2100AD4D99 /* SKSubSpriteNode3.h */,
				303234271819AD2100AD4D99 /* SKSubSpriteNode3.m */,
				303234281819AD2100AD4D99 /* MyScene.h */,
				303234291819AD2100AD4D99 /* MyScene.m */,
				3032342A1819AD2100AD4D99 /* Bullets.h */,
				3032342B1819AD2100AD4D99 /* Bullets.m */,
				3032342C1819AD2100AD4D99 /* EnemyPath.h */,
				3032342D1819AD2100AD4D99 /* EnemyPath.m */,
				3032342E1819AD2100AD4D99 /* Toolbar.h */,
				3032342F1819AD2100AD4D99 /* Toolbar.m */,
				303234301819AD2100AD4D99 /* towerOne.png */,
				303234311819AD2100AD4D99 /* towerTwo.png */,
				303234321819AD2100AD4D99 /* towerThree.png */,
				303234331819AD2100AD4D99 /* circle.png */,
				303234341819AD2100AD4D99 /* triangle.png */,
				303234351819AD2100AD4D99 /* square.gif */,
				303234361819AD2100AD4D99 /* pentagon.png */,
				303234371819AD2100AD4D99 /* hexagon.png */,
				303234381819AD2100AD4D99 /* heptagon.png */,
				303234391819AD2100AD4D99 /* octagon.png */,
				3032343A1819AD2100AD4D99 /* A.png */,
				3032343B1819AD2100AD4D99 /* B.png */,
				3032343C1819AD2100AD4D99 /* B red.png */,
				3032343D1819AD2100AD4D99 /* C.png */,
				3032343E1819AD2100AD4D99 /* D.png */,
				3032343F1819AD2100AD4D99 /* E.png */,
				303234401819AD2100AD4D99 /* E copy.png */,
				303234411819AD2100AD4D99 /* F.png */,
				303234421819AD2100AD4D99 /* G.png */,
				303234431819AD2100AD4D99 /* G copy.png */,
				303234441819AD2100AD4D99 /* H.png */,
				303234451819AD2100AD4D99 /* I copy.png */,
				303234461819AD2100AD4D99 /* I red.png */,
				303234471819AD2100AD4D99 /* K.png */,
				303234481819AD2100AD4D99 /* L.png */,
				303234491819AD2100AD4D99 /* L copy.png */,
				3032344A1819AD2100AD4D99 /* M.png */,
				3032344B1819AD2100AD4D99 /* M yellow.png */,
				3032344C1819AD2100AD4D99 /* N.png */,
				3032344D1819AD2100AD4D99 /* N copy.png */,
				3032344E1819AD2100AD4D99 /* O.png */,
				3032344F1819AD2100AD4D99 /* O copy.png */,
				303234501819AD2100AD4D99 /* O green.png */,
				303234511819AD2100AD4D99 /* P.png */,
				303234521819AD2100AD4D99 /* P copy.png */,
				303234531819AD2100AD4D99 /* P copy 2.png */,
				303234541819AD2100AD4D99 /* R.png */,
				303234551819AD2100AD4D99 /* S.png */,
				303234561819AD2100AD4D99 /* S copy.png */,
				303234571819AD2100AD4D99 /* T.png */,
				303234581819AD2100AD4D99 /* U.png */,
				303234591819AD2100AD4D99 /* X.png */,
				3032345A1819AD2100AD4D99 /* Y.png */,
				3032345B1819AD2100AD4D99 /* Y copy.png */,
				3032345C1819AD2100AD4D99 /* !.png */,
				3032345D1819AD2100AD4D99 /* -.png */,
				3032345E1819AD2100AD4D99 /* SliderBlock.png */,
				3032345F1819AD2200AD4D99 /* SliderLine.png */,
				303233FB1819AC6100AD4D99 /* Images.xcassets */,
				303233E21819AC6100AD4D99 /* Supporting Files */,
			);
			path = PolyGoneTD;
			sourceTree = "<group>";
		};
		303233E21819AC6100AD4D99 /* Supporting Files */ = {
			isa = PBXGroup;
			children = (
				303233E31819AC6100AD4D99 /* PolyGoneTD-Info.plist */,
				303233E41819AC6100AD4D99 /* InfoPlist.strings */,
				303233E71819AC6100AD4D99 /* main.m */,
				303233E91819AC6100AD4D99 /* PolyGoneTD-Prefix.pch */,
			);
			name = "Supporting Files";
			sourceTree = "<group>";
		};
		303234081819AC6100AD4D99 /* PolyGoneTDTests */ = {
			isa = PBXGroup;
			children = (
				3032340E1819AC6100AD4D99 /* PolyGoneTDTests.m */,
				303234091819AC6100AD4D99 /* Supporting Files */,
			);
			path = PolyGoneTDTests;
			sourceTree = "<group>";
		};
		303234091819AC6100AD4D99 /* Supporting Files */ = {
			isa = PBXGroup;
			children = (
				3032340A1819AC6100AD4D99 /* PolyGoneTDTests-Info.plist */,
				3032340B1819AC6100AD4D99 /* InfoPlist.strings */,
			);
			name = "Supporting Files";
			sourceTree = "<group>";
		};
/* End PBXGroup section */

/* Begin PBXNativeTarget section */
		303233D51819AC6100AD4D99 /* PolyGoneTD */ = {
			isa = PBXNativeTarget;
			buildConfigurationList = 303234121819AC6100AD4D99 /* Build configuration list for PBXNativeTarget "PolyGoneTD" */;
			buildPhases = (
				303233D21819AC6100AD4D99 /* Sources */,
				303233D31819AC6100AD4D99 /* Frameworks */,
				303233D41819AC6100AD4D99 /* Resources */,
			);
			buildRules = (
			);
			dependencies = (
			);
			name = PolyGoneTD;
			productName = PolyGoneTD;
			productReference = 303233D61819AC6100AD4D99 /* PolyGoneTD.app */;
			productType = "com.apple.product-type.application";
		};
		303234001819AC6100AD4D99 /* PolyGoneTDTests */ = {
			isa = PBXNativeTarget;
			buildConfigurationList = 303234151819AC6100AD4D99 /* Build configuration list for PBXNativeTarget "PolyGoneTDTests" */;
			buildPhases = (
				303233FD1819AC6100AD4D99 /* Sources */,
				303233FE1819AC6100AD4D99 /* Frameworks */,
				303233FF1819AC6100AD4D99 /* Resources */,
			);
			buildRules = (
			);
			dependencies = (
				303234071819AC6100AD4D99 /* PBXTargetDependency */,
			);
			name = PolyGoneTDTests;
			productName = PolyGoneTDTests;
			productReference = 303234011819AC6100AD4D99 /* PolyGoneTDTests.xctest */;
			productType = "com.apple.product-type.bundle.unit-test";
		};
/* End PBXNativeTarget section */

/* Begin PBXProject section */
		303233CE1819AC6100AD4D99 /* Project object */ = {
			isa = PBXProject;
			attributes = {
				LastUpgradeCheck = 0500;
				ORGANIZATIONNAME = "Cameron Geehr";
				TargetAttributes = {
					303234001819AC6100AD4D99 = {
						TestTargetID = 303233D51819AC6100AD4D99;
					};
				};
			};
			buildConfigurationList = 303233D11819AC6100AD4D99 /* Build configuration list for PBXProject "PolyGoneTD" */;
			compatibilityVersion = "Xcode 3.2";
			developmentRegion = English;
			hasScannedForEncodings = 0;
			knownRegions = (
				en,
				Base,
			);
			mainGroup = 303233CD1819AC6100AD4D99;
			productRefGroup = 303233D71819AC6100AD4D99 /* Products */;
			projectDirPath = "";
			projectRoot = "";
			targets = (
				303233D51819AC6100AD4D99 /* PolyGoneTD */,
				303234001819AC6100AD4D99 /* PolyGoneTDTests */,
			);
		};
/* End PBXProject section */

/* Begin PBXResourcesBuildPhase section */
		303233D41819AC6100AD4D99 /* Resources */ = {
			isa = PBXResourcesBuildPhase;
			buildActionMask = 2147483647;
			files = (
				303234931819AD2200AD4D99 /* T.png in Resources */,
				303234881819AD2200AD4D99 /* N.png in Resources */,
				303234821819AD2200AD4D99 /* I red.png in Resources */,
				3032347D1819AD2200AD4D99 /* F.png in Resources */,
				303234911819AD2200AD4D99 /* S.png in Resources */,
				303234961819AD2200AD4D99 /* Y.png in Resources */,
				303234811819AD2200AD4D99 /* I copy.png in Resources */,
				3032348F1819AD2200AD4D99 /* P copy 2.png in Resources */,
				303234901819AD2200AD4D99 /* R.png in Resources */,
				303234861819AD2200AD4D99 /* M.png in Resources */,
				3032347C1819AD2200AD4D99 /* E copy.png in Resources */,
				303234841819AD2200AD4D99 /* L.png in Resources */,
				3032348B1819AD2200AD4D99 /* O copy.png in Resources */,
				3032349A1819AD2200AD4D99 /* SliderBlock.png in Resources */,
				303234731819AD2200AD4D99 /* hexagon.png in Resources */,
				303234751819AD2200AD4D99 /* octagon.png in Resources */,
				303234871819AD2200AD4D99 /* M yellow.png in Resources */,
				303233FC1819AC6100AD4D99 /* Images.xcassets in Resources */,
				303234971819AD2200AD4D99 /* Y copy.png in Resources */,
				303234831819AD2200AD4D99 /* K.png in Resources */,
				3032346C1819AD2200AD4D99 /* towerOne.png in Resources */,
				3032346D1819AD2200AD4D99 /* towerTwo.png in Resources */,
				3032347F1819AD2200AD4D99 /* G copy.png in Resources */,
				303234741819AD2200AD4D99 /* heptagon.png in Resources */,
				303233F21819AC6100AD4D99 /* Main_iPad.storyboard in Resources */,
				303234851819AD2200AD4D99 /* L copy.png in Resources */,
				303234891819AD2200AD4D99 /* N copy.png in Resources */,
				303234921819AD2200AD4D99 /* S copy.png in Resources */,
				3032348A1819AD2200AD4D99 /* O.png in Resources */,
				303234981819AD2200AD4D99 /* !.png in Resources */,
				303234701819AD2200AD4D99 /* triangle.png in Resources */,
				303234941819AD2200AD4D99 /* U.png in Resources */,
				3032347A1819AD2200AD4D99 /* D.png in Resources */,
				3032348E1819AD2200AD4D99 /* P copy.png in Resources */,
				3032347B1819AD2200AD4D99 /* E.png in Resources */,
				303234801819AD2200AD4D99 /* H.png in Resources */,
				303233EF1819AC6100AD4D99 /* Main_iPhone.storyboard in Resources */,
				3032347E1819AD2200AD4D99 /* G.png in Resources */,
				303234791819AD2200AD4D99 /* C.png in Resources */,
				3032348D1819AD2200AD4D99 /* P.png in Resources */,
				3032346E1819AD2200AD4D99 /* towerThree.png in Resources */,
				303234771819AD2200AD4D99 /* B.png in Resources */,
				303234711819AD2200AD4D99 /* square.gif in Resources */,
				303234781819AD2200AD4D99 /* B red.png in Resources */,
				3032349B1819AD2200AD4D99 /* SliderLine.png in Resources */,
				303234951819AD2200AD4D99 /* X.png in Resources */,
				303234721819AD2200AD4D99 /* pentagon.png in Resources */,
				3032348C1819AD2200AD4D99 /* O green.png in Resources */,
				303234761819AD2200AD4D99 /* A.png in Resources */,
				303234991819AD2200AD4D99 /* -.png in Resources */,
				303233E61819AC6100AD4D99 /* InfoPlist.strings in Resources */,
				3032346F1819AD2200AD4D99 /* circle.png in Resources */,
			);
			runOnlyForDeploymentPostprocessing = 0;
		};
		303233FF1819AC6100AD4D99 /* Resources */ = {
			isa = PBXResourcesBuildPhase;
			buildActionMask = 2147483647;
			files = (
				3032340D1819AC6100AD4D99 /* InfoPlist.strings in Resources */,
			);
			runOnlyForDeploymentPostprocessing = 0;
		};
/* End PBXResourcesBuildPhase section */

/* Begin PBXSourcesBuildPhase section */
		303233D21819AC6100AD4D99 /* Sources */ = {
			isa = PBXSourcesBuildPhase;
			buildActionMask = 2147483647;
			files = (
				3032346A1819AD2200AD4D99 /* EnemyPath.m in Sources */,
				303234601819AD2200AD4D99 /* ViewController.m in Sources */,
				303234681819AD2200AD4D99 /* MyScene.m in Sources */,
				303233EC1819AC6100AD4D99 /* AppDelegate.m in Sources */,
				303234691819AD2200AD4D99 /* Bullets.m in Sources */,
				303234641819AD2200AD4D99 /* SKSubSpriteNode.m in Sources */,
				303234661819AD2200AD4D99 /* SKSubSpriteNode2.m in Sources */,
				303234651819AD2200AD4D99 /* SKSubSpriteNode1.m in Sources */,
				303233E81819AC6100AD4D99 /* main.m in Sources */,
				303234621819AD2200AD4D99 /* Options.m in Sources */,
				303234631819AD2200AD4D99 /* Difficulty.m in Sources */,
				303234611819AD2200AD4D99 /* MainMenu.m in Sources */,
				303234671819AD2200AD4D99 /* SKSubSpriteNode3.m in Sources */,
				3032346B1819AD2200AD4D99 /* Toolbar.m in Sources */,
			);
			runOnlyForDeploymentPostprocessing = 0;
		};
		303233FD1819AC6100AD4D99 /* Sources */ = {
			isa = PBXSourcesBuildPhase;
			buildActionMask = 2147483647;
			files = (
				3032340F1819AC6100AD4D99 /* PolyGoneTDTests.m in Sources */,
			);
			runOnlyForDeploymentPostprocessing = 0;
		};
/* End PBXSourcesBuildPhase section */

/* Begin PBXTargetDependency section */
		303234071819AC6100AD4D99 /* PBXTargetDependency */ = {
			isa = PBXTargetDependency;
			target = 303233D51819AC6100AD4D99 /* PolyGoneTD */;
			targetProxy = 303234061819AC6100AD4D99 /* PBXContainerItemProxy */;
		};
/* End PBXTargetDependency section */

/* Begin PBXVariantGroup section */
		303233E41819AC6100AD4D99 /* InfoPlist.strings */ = {
			isa = PBXVariantGroup;
			children = (
				303233E51819AC6100AD4D99 /* en */,
			);
			name = InfoPlist.strings;
			sourceTree = "<group>";
		};
		303233ED1819AC6100AD4D99 /* Main_iPhone.storyboard */ = {
			isa = PBXVariantGroup;
			children = (
				303233EE1819AC6100AD4D99 /* Base */,
			);
			name = Main_iPhone.storyboard;
			sourceTree = "<group>";
		};
		303233F01819AC6100AD4D99 /* Main_iPad.storyboard */ = {
			isa = PBXVariantGroup;
			children = (
				303233F11819AC6100AD4D99 /* Base */,
			);
			name = Main_iPad.storyboard;
			sourceTree = "<group>";
		};
		3032340B1819AC6100AD4D99 /* InfoPlist.strings */ = {
			isa = PBXVariantGroup;
			children = (
				3032340C1819AC6100AD4D99 /* en */,
			);
			name = InfoPlist.strings;
			sourceTree = "<group>";
		};
/* End PBXVariantGroup section */

/* Begin XCBuildConfiguration section */
		303234101819AC6100AD4D99 /* Debug */ = {
			isa = XCBuildConfiguration;
			buildSettings = {
				ALWAYS_SEARCH_USER_PATHS = NO;
				ARCHS = "$(ARCHS_STANDARD_INCLUDING_64_BIT)";
				CLANG_CXX_LANGUAGE_STANDARD = "gnu++0x";
				CLANG_CXX_LIBRARY = "libc++";
				CLANG_ENABLE_MODULES = YES;
				CLANG_ENABLE_OBJC_ARC = YES;
				CLANG_WARN_BOOL_CONVERSION = YES;
				CLANG_WARN_CONSTANT_CONVERSION = YES;
				CLANG_WARN_DIRECT_OBJC_ISA_USAGE = YES_ERROR;
				CLANG_WARN_EMPTY_BODY = YES;
				CLANG_WARN_ENUM_CONVERSION = YES;
				CLANG_WARN_INT_CONVERSION = YES;
				CLANG_WARN_OBJC_ROOT_CLASS = YES_ERROR;
				CLANG_WARN__DUPLICATE_METHOD_MATCH = YES;
				"CODE_SIGN_IDENTITY[sdk=iphoneos*]" = "iPhone Developer";
				COPY_PHASE_STRIP = NO;
				GCC_C_LANGUAGE_STANDARD = gnu99;
				GCC_DYNAMIC_NO_PIC = NO;
				GCC_OPTIMIZATION_LEVEL = 0;
				GCC_PREPROCESSOR_DEFINITIONS = (
					"DEBUG=1",
					"$(inherited)",
				);
				GCC_SYMBOLS_PRIVATE_EXTERN = NO;
				GCC_WARN_64_TO_32_BIT_CONVERSION = YES;
				GCC_WARN_ABOUT_RETURN_TYPE = YES_ERROR;
				GCC_WARN_UNDECLARED_SELECTOR = YES;
				GCC_WARN_UNINITIALIZED_AUTOS = YES;
				GCC_WARN_UNUSED_FUNCTION = YES;
				GCC_WARN_UNUSED_VARIABLE = YES;
				IPHONEOS_DEPLOYMENT_TARGET = 7.0;
				ONLY_ACTIVE_ARCH = YES;
				SDKROOT = iphoneos;
				TARGETED_DEVICE_FAMILY = "1,2";
			};
			name = Debug;
		};
		303234111819AC6100AD4D99 /* Release */ = {
			isa = XCBuildConfiguration;
			buildSettings = {
				ALWAYS_SEARCH_USER_PATHS = NO;
				ARCHS = "$(ARCHS_STANDARD_INCLUDING_64_BIT)";
				CLANG_CXX_LANGUAGE_STANDARD = "gnu++0x";
				CLANG_CXX_LIBRARY = "libc++";
				CLANG_ENABLE_MODULES = YES;
				CLANG_ENABLE_OBJC_ARC = YES;
				CLANG_WARN_BOOL_CONVERSION = YES;
				CLANG_WARN_CONSTANT_CONVERSION = YES;
				CLANG_WARN_DIRECT_OBJC_ISA_USAGE = YES_ERROR;
				CLANG_WARN_EMPTY_BODY = YES;
				CLANG_WARN_ENUM_CONVERSION = YES;
				CLANG_WARN_INT_CONVERSION = YES;
				CLANG_WARN_OBJC_ROOT_CLASS = YES_ERROR;
				CLANG_WARN__DUPLICATE_METHOD_MATCH = YES;
				"CODE_SIGN_IDENTITY[sdk=iphoneos*]" = "iPhone Developer";
				COPY_PHASE_STRIP = YES;
				ENABLE_NS_ASSERTIONS = NO;
				GCC_C_LANGUAGE_STANDARD = gnu99;
				GCC_WARN_64_TO_32_BIT_CONVERSION = YES;
				GCC_WARN_ABOUT_RETURN_TYPE = YES_ERROR;
				GCC_WARN_UNDECLARED_SELECTOR = YES;
				GCC_WARN_UNINITIALIZED_AUTOS = YES;
				GCC_WARN_UNUSED_FUNCTION = YES;
				GCC_WARN_UNUSED_VARIABLE = YES;
				IPHONEOS_DEPLOYMENT_TARGET = 7.0;
				SDKROOT = iphoneos;
				TARGETED_DEVICE_FAMILY = "1,2";
				VALIDATE_PRODUCT = YES;
			};
			name = Release;
		};
		303234131819AC6100AD4D99 /* Debug */ = {
			isa = XCBuildConfiguration;
			buildSettings = {
				ASSETCATALOG_COMPILER_APPICON_NAME = AppIcon;
				ASSETCATALOG_COMPILER_LAUNCHIMAGE_NAME = LaunchImage;
				GCC_PRECOMPILE_PREFIX_HEADER = YES;
				GCC_PREFIX_HEADER = "PolyGoneTD/PolyGoneTD-Prefix.pch";
				INFOPLIST_FILE = "PolyGoneTD/PolyGoneTD-Info.plist";
				PRODUCT_NAME = "$(TARGET_NAME)";
				SPRITEKIT_TEXTURE_ATLAS_OUTPUT = YES;
				WRAPPER_EXTENSION = app;
			};
			name = Debug;
		};
		303234141819AC6100AD4D99 /* Release */ = {
			isa = XCBuildConfiguration;
			buildSettings = {
				ASSETCATALOG_COMPILER_APPICON_NAME = AppIcon;
				ASSETCATALOG_COMPILER_LAUNCHIMAGE_NAME = LaunchImage;
				GCC_PRECOMPILE_PREFIX_HEADER = YES;
				GCC_PREFIX_HEADER = "PolyGoneTD/PolyGoneTD-Prefix.pch";
				INFOPLIST_FILE = "PolyGoneTD/PolyGoneTD-Info.plist";
				PRODUCT_NAME = "$(TARGET_NAME)";
				SPRITEKIT_TEXTURE_ATLAS_OUTPUT = YES;
				WRAPPER_EXTENSION = app;
			};
			name = Release;
		};
		303234161819AC6100AD4D99 /* Debug */ = {
			isa = XCBuildConfiguration;
			buildSettings = {
				ARCHS = "$(ARCHS_STANDARD_INCLUDING_64_BIT)";
				BUNDLE_LOADER = "$(BUILT_PRODUCTS_DIR)/PolyGoneTD.app/PolyGoneTD";
				FRAMEWORK_SEARCH_PATHS = (
					"$(SDKROOT)/Developer/Library/Frameworks",
					"$(inherited)",
					"$(DEVELOPER_FRAMEWORKS_DIR)",
				);
				GCC_PRECOMPILE_PREFIX_HEADER = YES;
				GCC_PREFIX_HEADER = "PolyGoneTD/PolyGoneTD-Prefix.pch";
				GCC_PREPROCESSOR_DEFINITIONS = (
					"DEBUG=1",
					"$(inherited)",
				);
				INFOPLIST_FILE = "PolyGoneTDTests/PolyGoneTDTests-Info.plist";
				PRODUCT_NAME = "$(TARGET_NAME)";
				TEST_HOST = "$(BUNDLE_LOADER)";
				WRAPPER_EXTENSION = xctest;
			};
			name = Debug;
		};
		303234171819AC6100AD4D99 /* Release */ = {
			isa = XCBuildConfiguration;
			buildSettings = {
				ARCHS = "$(ARCHS_STANDARD_INCLUDING_64_BIT)";
				BUNDLE_LOADER = "$(BUILT_PRODUCTS_DIR)/PolyGoneTD.app/PolyGoneTD";
				FRAMEWORK_SEARCH_PATHS = (
					"$(SDKROOT)/Developer/Library/Frameworks",
					"$(inherited)",
					"$(DEVELOPER_FRAMEWORKS_DIR)",
				);
				GCC_PRECOMPILE_PREFIX_HEADER = YES;
				GCC_PREFIX_HEADER = "PolyGoneTD/PolyGoneTD-Prefix.pch";
				INFOPLIST_FILE = "PolyGoneTDTests/PolyGoneTDTests-Info.plist";
				PRODUCT_NAME = "$(TARGET_NAME)";
				TEST_HOST = "$(BUNDLE_LOADER)";
				WRAPPER_EXTENSION = xctest;
			};
			name = Release;
		};
/* End XCBuildConfiguration section */

/* Begin XCConfigurationList section */
		303233D11819AC6100AD4D99 /* Build configuration list for PBXProject "PolyGoneTD" */ = {
			isa = XCConfigurationList;
			buildConfigurations = (
				303234101819AC6100AD4D99 /* Debug */,
				303234111819AC6100AD4D99 /* Release */,
			);
			defaultConfigurationIsVisible = 0;
			defaultConfigurationName = Release;
		};
		303234121819AC6100AD4D99 /* Build configuration list for PBXNativeTarget "PolyGoneTD" */ = {
			isa = XCConfigurationList;
			buildConfigurations = (
				303234131819AC6100AD4D99 /* Debug */,
				303234141819AC6100AD4D99 /* Release */,
			);
			defaultConfigurationIsVisible = 0;
		};
		303234151819AC6100AD4D99 /* Build configuration list for PBXNativeTarget "PolyGoneTDTests" */ = {
			isa = XCConfigurationList;
			buildConfigurations = (
				303234161819AC6100AD4D99 /* Debug */,
				303234171819AC6100AD4D99 /* Release */,
			);
			defaultConfigurationIsVisible = 0;
		};
/* End XCConfigurationList section */
	};
	rootObject = 303233CE1819AC6100AD4D99 /* Project object */;
}
